
Microsoft Visual Studio Solution File, Format Version 12.00
Project("{FAE04EC0-301F-11D3-BF4B-00C04F79EFBC}") = "Heaps", "Heaps\Heaps.csproj", "{34F17CB8-5CB4-4458-A561-5E988995A372}"
EndProject
Project("{FAE04EC0-301F-11D3-BF4B-00C04F79EFBC}") = "Heap.Entity", "Heap.Entity\Heap.Entity.csproj", "{9095FA61-3A27-4008-9FA0-37F54620EC4D}"
EndProject
Global
	GlobalSection(SolutionConfigurationPlatforms) = preSolution
		Debug|Any CPU = Debug|Any CPU
		Release|Any CPU = Release|Any CPU
	EndGlobalSection
	GlobalSection(ProjectConfigurationPlatforms) = postSolution
		{34F17CB8-5CB4-4458-A561-5E988995A372}.Debug|Any CPU.ActiveCfg = Debug|Any CPU
		{34F17CB8-5CB4-4458-A561-5E988995A372}.Debug|Any CPU.Build.0 = Debug|Any CPU
		{34F17CB8-5CB4-4458-A561-5E988995A372}.Release|Any CPU.ActiveCfg = Release|Any CPU
		{34F17CB8-5CB4-4458-A561-5E988995A372}.Release|Any CPU.Build.0 = Release|Any CPU
		{9095FA61-3A27-4008-9FA0-37F54620EC4D}.Debug|Any CPU.ActiveCfg = Debug|Any CPU
		{9095FA61-3A27-4008-9FA0-37F54620EC4D}.Debug|Any CPU.Build.0 = Debug|Any CPU
		{9095FA61-3A27-4008-9FA0-37F54620EC4D}.Release|Any CPU.ActiveCfg = Release|Any CPU
		{9095FA61-3A27-4008-9FA0-37F54620EC4D}.Release|Any CPU.Build.0 = Release|Any CPU
	EndGlobalSection
EndGlobal
